// !$*UTF8*$!
{
	archiveVersion = 1;
	classes = {
	};
	objectVersion = 46;
	objects = {

/* Begin PBXBuildFile section */
		937598BE1D9CF62500B608A4 /* AppDelegate.swift in Sources */ = {isa = PBXBuildFile; fileRef = 937598BD1D9CF62500B608A4 /* AppDelegate.swift */; };
		937598C01D9CF62500B608A4 /* ViewController.swift in Sources */ = {isa = PBXBuildFile; fileRef = 937598BF1D9CF62500B608A4 /* ViewController.swift */; };
		937598C31D9CF62500B608A4 /* Main.storyboard in Resources */ = {isa = PBXBuildFile; fileRef = 937598C11D9CF62500B608A4 /* Main.storyboard */; };
		937598C51D9CF62500B608A4 /* Assets.xcassets in Resources */ = {isa = PBXBuildFile; fileRef = 937598C41D9CF62500B608A4 /* Assets.xcassets */; };
		937598C81D9CF62500B608A4 /* LaunchScreen.storyboard in Resources */ = {isa = PBXBuildFile; fileRef = 937598C61D9CF62500B608A4 /* LaunchScreen.storyboard */; };
/* End PBXBuildFile section */

/* Begin PBXFileReference section */
		937598BA1D9CF62500B608A4 /* bacCalc.app */ = {isa = PBXFileReference; explicitFileType = wrapper.application; includeInIndex = 0; path = bacCalc.app; sourceTree = BUILT_PRODUCTS_DIR; };
		937598BD1D9CF62500B608A4 /* AppDelegate.swift */ = {isa = PBXFileReference; lastKnownFileType = sourcecode.swift; path = AppDelegate.swift; sourceTree = "<group>"; };
		937598BF1D9CF62500B608A4 /* ViewController.swift */ = {isa = PBXFileReference; lastKnownFileType = sourcecode.swift; path = ViewController.swift; sourceTree = "<group>"; };
		937598C21D9CF62500B608A4 /* Base */ = {isa = PBXFileReference; lastKnownFileType = file.storyboard; name = Base; path = Base.lproj/Main.storyboard; sourceTree = "<group>"; };
		937598C41D9CF62500B608A4 /* Assets.xcassets */ = {isa = PBXFileReference; lastKnownFileType = folder.assetcatalog; path = Assets.xcassets; sourceTree = "<group>"; };
		937598C71D9CF62500B608A4 /* Base */ = {isa = PBXFileReference; lastKnownFileType = file.storyboard; name = Base; path = Base.lproj/LaunchScreen.storyboard; sourceTree = "<group>"; };
		937598C91D9CF62500B608A4 /* Info.plist */ = {isa = PBXFileReference; lastKnownFileType = text.plist.xml; path = Info.plist; sourceTree = "<group>"; };
/* End PBXFileReference section */

/* Begin PBXFrameworksBuildPhase section */
		937598B71D9CF62500B608A4 /* Frameworks */ = {
			isa = PBXFrameworksBuildPhase;
			buildActionMask = 2147483647;
			files = (
			);
			runOnlyForDeploymentPostprocessing = 0;
		};
/* End PBXFrameworksBuildPhase section */

/* Begin PBXGroup section */
		937598B11D9CF62500B608A4 = {
			isa = PBXGroup;
			children = (
				937598BC1D9CF62500B608A4 /* bacCalc */,
				937598BB1D9CF62500B608A4 /* Products */,
			);
			sourceTree = "<group>";
		};
		937598BB1D9CF62500B608A4 /* Products */ = {
			isa = PBXGroup;
			children = (
				937598BA1D9CF62500B608A4 /* bacCalc.app */,
			);
			name = Products;
			sourceTree = "<group>";
		};
		937598BC1D9CF62500B608A4 /* bacCalc */ = {
			isa = PBXGroup;
			children = (
				937598BD1D9CF62500B608A4 /* AppDelegate.swift */,
				937598BF1D9CF62500B608A4 /* ViewController.swift */,
				937598C11D9CF62500B608A4 /* Main.storyboard */,
				937598C41D9CF62500B608A4 /* Assets.xcassets */,
				937598C61D9CF62500B608A4 /* LaunchScreen.storyboard */,
				937598C91D9CF62500B608A4 /* Info.plist */,
			);
			path = bacCalc;
			sourceTree = "<group>";
		};
/* End PBXGroup section */

/* Begin PBXNativeTarget section */
		937598B91D9CF62500B608A4 /* bacCalc */ = {
			isa = PBXNativeTarget;
			buildConfigurationList = 937598CC1D9CF62500B608A4 /* Build configuration list for PBXNativeTarget "bacCalc" */;
			buildPhases = (
				937598B61D9CF62500B608A4 /* Sources */,
				937598B71D9CF62500B608A4 /* Frameworks */,
				937598B81D9CF62500B608A4 /* Resources */,
			);
			buildRules = (
			);
			dependencies = (
			);
			name = bacCalc;
			productName = bacCalc;
			productReference = 937598BA1D9CF62500B608A4 /* bacCalc.app */;
			productType = "com.apple.product-type.application";
		};
/* End PBXNativeTarget section */

/* Begin PBXProject section */
		937598B21D9CF62500B608A4 /* Project object */ = {
			isa = PBXProject;
			attributes = {
				LastSwiftUpdateCheck = 0730;
				LastUpgradeCheck = 0730;
				ORGANIZATIONNAME = "Mae Patton";
				TargetAttributes = {
					937598B91D9CF62500B608A4 = {
						CreatedOnToolsVersion = 7.3.1;
					};
				};
			};
			buildConfigurationList = 937598B51D9CF62500B608A4 /* Build configuration list for PBXProject "bacCalc" */;
			compatibilityVersion = "Xcode 3.2";
			developmentRegion = English;
			hasScannedForEncodings = 0;
			knownRegions = (
				en,
				Base,
			);
			mainGroup = 937598B11D9CF62500B608A4;
			productRefGroup = 937598BB1D9CF62500B608A4 /* Products */;
			projectDirPath = "";
			projectRoot = "";
			targets = (
				937598B91D9CF62500B608A4 /* bacCalc */,
			);
		};
/* End PBXProject section */

/* Begin PBXResourcesBuildPhase section */
		937598B81D9CF62500B608A4 /* Resources */ = {
			isa = PBXResourcesBuildPhase;
			buildActionMask = 2147483647;
			files = (
				937598C81D9CF62500B608A4 /* LaunchScreen.storyboard in Resources */,
				937598C51D9CF62500B608A4 /* Assets.xcassets in Resources */,
				937598C31D9CF62500B608A4 /* Main.storyboard in Resources */,
			);
			runOnlyForDeploymentPostprocessing = 0;
		};
/* End PBXResourcesBuildPhase section */

/* Begin PBXSourcesBuildPhase section */
		937598B61D9CF62500B608A4 /* Sources */ = {
			isa = PBXSourcesBuildPhase;
			buildActionMask = 2147483647;
			files = (
				937598C01D9CF62500B608A4 /* ViewController.swift in Sources */,
				937598BE1D9CF62500B608A4 /* AppDelegate.swift in Sources */,
			);
			runOnlyForDeploymentPostprocessing = 0;
		};
/* End PBXSourcesBuildPhase section */

/* Begin PBXVariantGroup section */
		937598C11D9CF62500B608A4 /* Main.storyboard */ = {
			isa = PBXVariantGroup;
			children = (
				937598C21D9CF62500B608A4 /* Base */,
			);
			name = Main.storyboard;
			sourceTree = "<group>";
		};
		937598C61D9CF62500B608A4 /* LaunchScreen.storyboard */ = {
			isa = PBXVariantGroup;
			children = (
				937598C71D9CF62500B608A4 /* Base */,
			);
			name = LaunchScreen.storyboard;
			sourceTree = "<group>";
		};
/* End PBXVariantGroup section */

/* Begin XCBuildConfiguration section */
		937598CA1D9CF62500B608A4 /* Debug */ = {
			isa = XCBuildConfiguration;
			buildSettings = {
				ALWAYS_SEARCH_USER_PATHS = NO;
				CLANG_ANALYZER_NONNULL = YES;
				CLANG_CXX_LANGUAGE_STANDARD = "gnu++0x";
				CLANG_CXX_LIBRARY = "libc++";
				CLANG_ENABLE_MODULES = YES;
				CLANG_ENABLE_OBJC_ARC = YES;
				CLANG_WARN_BOOL_CONVERSION = YES;
				CLANG_WARN_CONSTANT_CONVERSION = YES;
				CLANG_WARN_DIRECT_OBJC_ISA_USAGE = YES_ERROR;
				CLANG_WARN_EMPTY_BODY = YES;
				CLANG_WARN_ENUM_CONVERSION = YES;
				CLANG_WARN_INT_CONVERSION = YES;
				CLANG_WARN_OBJC_ROOT_CLASS = YES_ERROR;
				CLANG_WARN_UNREACHABLE_CODE = YES;
				CLANG_WARN__DUPLICATE_METHOD_MATCH = YES;
				"CODE_SIGN_IDENTITY[sdk=iphoneos*]" = "iPhone Developer";
				COPY_PHASE_STRIP = NO;
				DEBUG_INFORMATION_FORMAT = dwarf;
				ENABLE_STRICT_OBJC_MSGSEND = YES;
				ENABLE_TESTABILITY = YES;
				GCC_C_LANGUAGE_STANDARD = gnu99;
				GCC_DYNAMIC_NO_PIC = NO;
				GCC_NO_COMMON_BLOCKS = YES;
				GCC_OPTIMIZATION_LEVEL = 0;
				GCC_PREPROCESSOR_DEFINITIONS = (
					"DEBUG=1",
					"$(inherited)",
				);
				GCC_WARN_64_TO_32_BIT_CONVERSION = YES;
				GCC_WARN_ABOUT_RETURN_TYPE = YES_ERROR;
				GCC_WARN_UNDECLARED_SELECTOR = YES;
				GCC_WARN_UNINITIALIZED_AUTOS = YES_AGGRESSIVE;
				GCC_WARN_UNUSED_FUNCTION = YES;
				GCC_WARN_UNUSED_VARIABLE = YES;
				IPHONEOS_DEPLOYMENT_TARGET = 9.3;
				MTL_ENABLE_DEBUG_INFO = YES;
				ONLY_ACTIVE_ARCH = YES;
				SDKROOT = iphoneos;
				SWIFT_OPTIMIZATION_LEVEL = "-Onone";
			};
			name = Debug;
		};
		937598CB1D9CF62500B608A4 /* Release */ = {
			isa = XCBuildConfiguration;
			buildSettings = {
				ALWAYS_SEARCH_USER_PATHS = NO;
				CLANG_ANALYZER_NONNULL = YES;
				CLANG_CXX_LANGUAGE_STANDARD = "gnu++0x";
				CLANG_CXX_LIBRARY = "libc++";
				CLANG_ENABLE_MODULES = YES;
				CLANG_ENABLE_OBJC_ARC = YES;
				CLANG_WARN_BOOL_CONVERSION = YES;
				CLANG_WARN_CONSTANT_CONVERSION = YES;
				CLANG_WARN_DIRECT_OBJC_ISA_USAGE = YES_ERROR;
				CLANG_WARN_EMPTY_BODY = YES;
				CLANG_WARN_ENUM_CONVERSION = YES;
				CLANG_WARN_INT_CONVERSION = YES;
				CLANG_WARN_OBJC_ROOT_CLASS = YES_ERROR;
				CLANG_WARN_UNREACHABLE_CODE = YES;
				CLANG_WARN__DUPLICATE_METHOD_MATCH = YES;
				"CODE_SIGN_IDENTITY[sdk=iphoneos*]" = "iPhone Developer";
				COPY_PHASE_STRIP = NO;
				DEBUG_INFORMATION_FORMAT = "dwarf-with-dsym";
				ENABLE_NS_ASSERTIONS = NO;
				ENABLE_STRICT_OBJC_MSGSEND = YES;
				GCC_C_LANGUAGE_STANDARD = gnu99;
				GCC_NO_COMMON_BLOCKS = YES;
				GCC_WARN_64_TO_32_BIT_CONVERSION = YES;
				GCC_WARN_ABOUT_RETURN_TYPE = YES_ERROR;
				GCC_WARN_UNDECLARED_SELECTOR = YES;
				GCC_WARN_UNINITIALIZED_AUTOS = YES_AGGRESSIVE;
				GCC_WARN_UNUSED_FUNCTION = YES;
				GCC_WARN_UNUSED_VARIABLE = YES;
				IPHONEOS_DEPLOYMENT_TARGET = 9.3;
				MTL_ENABLE_DEBUG_INFO = NO;
				SDKROOT = iphoneos;
				VALIDATE_PRODUCT = YES;
			};
			name = Release;
		};
		937598CD1D9CF62500B608A4 /* Debug */ = {
			isa = XCBuildConfiguration;
			buildSettings = {
				ASSETCATALOG_COMPILER_APPICON_NAME = AppIcon;
				INFOPLIST_FILE = bacCalc/Info.plist;
				LD_RUNPATH_SEARCH_PATHS = "$(inherited) @executable_path/Frameworks";
				PRODUCT_BUNDLE_IDENTIFIER = ATLAS.bacCalc;
				PRODUCT_NAME = "$(TARGET_NAME)";
			};
			name = Debug;
		};
		937598CE1D9CF62500B608A4 /* Release */ = {
			isa = XCBuildConfiguration;
			buildSettings = {
				ASSETCATALOG_COMPILER_APPICON_NAME = AppIcon;
				INFOPLIST_FILE = bacCalc/Info.plist;
				LD_RUNPATH_SEARCH_PATHS = "$(inherited) @executable_path/Frameworks";
				PRODUCT_BUNDLE_IDENTIFIER = ATLAS.bacCalc;
				PRODUCT_NAME = "$(TARGET_NAME)";
			};
			name = Release;
		};
/* End XCBuildConfiguration section */

/* Begin XCConfigurationList section */
		937598B51D9CF62500B608A4 /* Build configuration list for PBXProject "bacCalc" */ = {
			isa = XCConfigurationList;
			buildConfigurations = (
				937598CA1D9CF62500B608A4 /* Debug */,
				937598CB1D9CF62500B608A4 /* Release */,
			);
			defaultConfigurationIsVisible = 0;
			defaultConfigurationName = Release;
		};
		937598CC1D9CF62500B608A4 /* Build configuration list for PBXNativeTarget "bacCalc" */ = {
			isa = XCConfigurationList;
			buildConfigurations = (
				937598CD1D9CF62500B608A4 /* Debug */,
				937598CE1D9CF62500B608A4 /* Release */,
			);
			defaultConfigurationIsVisible = 0;
		};
/* End XCConfigurationList section */
	};
	rootObject = 937598B21D9CF62500B608A4 /* Project object */;
}
