// !$*UTF8*$!
{
	archiveVersion = 1;
	classes = {
	};
	objectVersion = 46;
	objects = {

/* Begin PBXBuildFile section */
		930551C11DB5C7C700060992 /* CoreLocation.framework in Frameworks */ = {isa = PBXBuildFile; fileRef = 930551C01DB5C7C700060992 /* CoreLocation.framework */; };
		930551C31DB5C7CE00060992 /* MapKit.framework in Frameworks */ = {isa = PBXBuildFile; fileRef = 930551C21DB5C7CE00060992 /* MapKit.framework */; };
		93125C501DB5C3BA0032EB95 /* AppDelegate.swift in Sources */ = {isa = PBXBuildFile; fileRef = 93125C4F1DB5C3BA0032EB95 /* AppDelegate.swift */; };
		93125C521DB5C3BA0032EB95 /* ViewController.swift in Sources */ = {isa = PBXBuildFile; fileRef = 93125C511DB5C3BA0032EB95 /* ViewController.swift */; };
		93125C551DB5C3BA0032EB95 /* Main.storyboard in Resources */ = {isa = PBXBuildFile; fileRef = 93125C531DB5C3BA0032EB95 /* Main.storyboard */; };
		93125C571DB5C3BA0032EB95 /* Assets.xcassets in Resources */ = {isa = PBXBuildFile; fileRef = 93125C561DB5C3BA0032EB95 /* Assets.xcassets */; };
		93125C5A1DB5C3BA0032EB95 /* LaunchScreen.storyboard in Resources */ = {isa = PBXBuildFile; fileRef = 93125C581DB5C3BA0032EB95 /* LaunchScreen.storyboard */; };
/* End PBXBuildFile section */

/* Begin PBXFileReference section */
		930551C01DB5C7C700060992 /* CoreLocation.framework */ = {isa = PBXFileReference; lastKnownFileType = wrapper.framework; name = CoreLocation.framework; path = System/Library/Frameworks/CoreLocation.framework; sourceTree = SDKROOT; };
		930551C21DB5C7CE00060992 /* MapKit.framework */ = {isa = PBXFileReference; lastKnownFileType = wrapper.framework; name = MapKit.framework; path = System/Library/Frameworks/MapKit.framework; sourceTree = SDKROOT; };
		93125C4C1DB5C3BA0032EB95 /* labfive.app */ = {isa = PBXFileReference; explicitFileType = wrapper.application; includeInIndex = 0; path = labfive.app; sourceTree = BUILT_PRODUCTS_DIR; };
		93125C4F1DB5C3BA0032EB95 /* AppDelegate.swift */ = {isa = PBXFileReference; lastKnownFileType = sourcecode.swift; path = AppDelegate.swift; sourceTree = "<group>"; };
		93125C511DB5C3BA0032EB95 /* ViewController.swift */ = {isa = PBXFileReference; lastKnownFileType = sourcecode.swift; path = ViewController.swift; sourceTree = "<group>"; };
		93125C541DB5C3BA0032EB95 /* Base */ = {isa = PBXFileReference; lastKnownFileType = file.storyboard; name = Base; path = Base.lproj/Main.storyboard; sourceTree = "<group>"; };
		93125C561DB5C3BA0032EB95 /* Assets.xcassets */ = {isa = PBXFileReference; lastKnownFileType = folder.assetcatalog; path = Assets.xcassets; sourceTree = "<group>"; };
		93125C591DB5C3BA0032EB95 /* Base */ = {isa = PBXFileReference; lastKnownFileType = file.storyboard; name = Base; path = Base.lproj/LaunchScreen.storyboard; sourceTree = "<group>"; };
		93125C5B1DB5C3BA0032EB95 /* Info.plist */ = {isa = PBXFileReference; lastKnownFileType = text.plist.xml; path = Info.plist; sourceTree = "<group>"; };
/* End PBXFileReference section */

/* Begin PBXFrameworksBuildPhase section */
		93125C491DB5C3BA0032EB95 /* Frameworks */ = {
			isa = PBXFrameworksBuildPhase;
			buildActionMask = 2147483647;
			files = (
				930551C31DB5C7CE00060992 /* MapKit.framework in Frameworks */,
				930551C11DB5C7C700060992 /* CoreLocation.framework in Frameworks */,
			);
			runOnlyForDeploymentPostprocessing = 0;
		};
/* End PBXFrameworksBuildPhase section */

/* Begin PBXGroup section */
		93125C431DB5C3BA0032EB95 = {
			isa = PBXGroup;
			children = (
				930551C21DB5C7CE00060992 /* MapKit.framework */,
				930551C01DB5C7C700060992 /* CoreLocation.framework */,
				93125C4E1DB5C3BA0032EB95 /* labfive */,
				93125C4D1DB5C3BA0032EB95 /* Products */,
			);
			sourceTree = "<group>";
		};
		93125C4D1DB5C3BA0032EB95 /* Products */ = {
			isa = PBXGroup;
			children = (
				93125C4C1DB5C3BA0032EB95 /* labfive.app */,
			);
			name = Products;
			sourceTree = "<group>";
		};
		93125C4E1DB5C3BA0032EB95 /* labfive */ = {
			isa = PBXGroup;
			children = (
				93125C4F1DB5C3BA0032EB95 /* AppDelegate.swift */,
				93125C511DB5C3BA0032EB95 /* ViewController.swift */,
				93125C531DB5C3BA0032EB95 /* Main.storyboard */,
				93125C561DB5C3BA0032EB95 /* Assets.xcassets */,
				93125C581DB5C3BA0032EB95 /* LaunchScreen.storyboard */,
				93125C5B1DB5C3BA0032EB95 /* Info.plist */,
			);
			path = labfive;
			sourceTree = "<group>";
		};
/* End PBXGroup section */

/* Begin PBXNativeTarget section */
		93125C4B1DB5C3BA0032EB95 /* labfive */ = {
			isa = PBXNativeTarget;
			buildConfigurationList = 93125C5E1DB5C3BA0032EB95 /* Build configuration list for PBXNativeTarget "labfive" */;
			buildPhases = (
				93125C481DB5C3BA0032EB95 /* Sources */,
				93125C491DB5C3BA0032EB95 /* Frameworks */,
				93125C4A1DB5C3BA0032EB95 /* Resources */,
			);
			buildRules = (
			);
			dependencies = (
			);
			name = labfive;
			productName = labfive;
			productReference = 93125C4C1DB5C3BA0032EB95 /* labfive.app */;
			productType = "com.apple.product-type.application";
		};
/* End PBXNativeTarget section */

/* Begin PBXProject section */
		93125C441DB5C3BA0032EB95 /* Project object */ = {
			isa = PBXProject;
			attributes = {
				LastSwiftUpdateCheck = 0730;
				LastUpgradeCheck = 0730;
				ORGANIZATIONNAME = "Mae Patton";
				TargetAttributes = {
					93125C4B1DB5C3BA0032EB95 = {
						CreatedOnToolsVersion = 7.3.1;
					};
				};
			};
			buildConfigurationList = 93125C471DB5C3BA0032EB95 /* Build configuration list for PBXProject "labfive" */;
			compatibilityVersion = "Xcode 3.2";
			developmentRegion = English;
			hasScannedForEncodings = 0;
			knownRegions = (
				en,
				Base,
			);
			mainGroup = 93125C431DB5C3BA0032EB95;
			productRefGroup = 93125C4D1DB5C3BA0032EB95 /* Products */;
			projectDirPath = "";
			projectRoot = "";
			targets = (
				93125C4B1DB5C3BA0032EB95 /* labfive */,
			);
		};
/* End PBXProject section */

/* Begin PBXResourcesBuildPhase section */
		93125C4A1DB5C3BA0032EB95 /* Resources */ = {
			isa = PBXResourcesBuildPhase;
			buildActionMask = 2147483647;
			files = (
				93125C5A1DB5C3BA0032EB95 /* LaunchScreen.storyboard in Resources */,
				93125C571DB5C3BA0032EB95 /* Assets.xcassets in Resources */,
				93125C551DB5C3BA0032EB95 /* Main.storyboard in Resources */,
			);
			runOnlyForDeploymentPostprocessing = 0;
		};
/* End PBXResourcesBuildPhase section */

/* Begin PBXSourcesBuildPhase section */
		93125C481DB5C3BA0032EB95 /* Sources */ = {
			isa = PBXSourcesBuildPhase;
			buildActionMask = 2147483647;
			files = (
				93125C521DB5C3BA0032EB95 /* ViewController.swift in Sources */,
				93125C501DB5C3BA0032EB95 /* AppDelegate.swift in Sources */,
			);
			runOnlyForDeploymentPostprocessing = 0;
		};
/* End PBXSourcesBuildPhase section */

/* Begin PBXVariantGroup section */
		93125C531DB5C3BA0032EB95 /* Main.storyboard */ = {
			isa = PBXVariantGroup;
			children = (
				93125C541DB5C3BA0032EB95 /* Base */,
			);
			name = Main.storyboard;
			sourceTree = "<group>";
		};
		93125C581DB5C3BA0032EB95 /* LaunchScreen.storyboard */ = {
			isa = PBXVariantGroup;
			children = (
				93125C591DB5C3BA0032EB95 /* Base */,
			);
			name = LaunchScreen.storyboard;
			sourceTree = "<group>";
		};
/* End PBXVariantGroup section */

/* Begin XCBuildConfiguration section */
		93125C5C1DB5C3BA0032EB95 /* Debug */ = {
			isa = XCBuildConfiguration;
			buildSettings = {
				ALWAYS_SEARCH_USER_PATHS = NO;
				CLANG_ANALYZER_NONNULL = YES;
				CLANG_CXX_LANGUAGE_STANDARD = "gnu++0x";
				CLANG_CXX_LIBRARY = "libc++";
				CLANG_ENABLE_MODULES = YES;
				CLANG_ENABLE_OBJC_ARC = YES;
				CLANG_WARN_BOOL_CONVERSION = YES;
				CLANG_WARN_CONSTANT_CONVERSION = YES;
				CLANG_WARN_DIRECT_OBJC_ISA_USAGE = YES_ERROR;
				CLANG_WARN_EMPTY_BODY = YES;
				CLANG_WARN_ENUM_CONVERSION = YES;
				CLANG_WARN_INT_CONVERSION = YES;
				CLANG_WARN_OBJC_ROOT_CLASS = YES_ERROR;
				CLANG_WARN_UNREACHABLE_CODE = YES;
				CLANG_WARN__DUPLICATE_METHOD_MATCH = YES;
				"CODE_SIGN_IDENTITY[sdk=iphoneos*]" = "iPhone Developer";
				COPY_PHASE_STRIP = NO;
				DEBUG_INFORMATION_FORMAT = dwarf;
				ENABLE_STRICT_OBJC_MSGSEND = YES;
				ENABLE_TESTABILITY = YES;
				GCC_C_LANGUAGE_STANDARD = gnu99;
				GCC_DYNAMIC_NO_PIC = NO;
				GCC_NO_COMMON_BLOCKS = YES;
				GCC_OPTIMIZATION_LEVEL = 0;
				GCC_PREPROCESSOR_DEFINITIONS = (
					"DEBUG=1",
					"$(inherited)",
				);
				GCC_WARN_64_TO_32_BIT_CONVERSION = YES;
				GCC_WARN_ABOUT_RETURN_TYPE = YES_ERROR;
				GCC_WARN_UNDECLARED_SELECTOR = YES;
				GCC_WARN_UNINITIALIZED_AUTOS = YES_AGGRESSIVE;
				GCC_WARN_UNUSED_FUNCTION = YES;
				GCC_WARN_UNUSED_VARIABLE = YES;
				IPHONEOS_DEPLOYMENT_TARGET = 9.3;
				MTL_ENABLE_DEBUG_INFO = YES;
				ONLY_ACTIVE_ARCH = YES;
				SDKROOT = iphoneos;
				SWIFT_OPTIMIZATION_LEVEL = "-Onone";
			};
			name = Debug;
		};
		93125C5D1DB5C3BA0032EB95 /* Release */ = {
			isa = XCBuildConfiguration;
			buildSettings = {
				ALWAYS_SEARCH_USER_PATHS = NO;
				CLANG_ANALYZER_NONNULL = YES;
				CLANG_CXX_LANGUAGE_STANDARD = "gnu++0x";
				CLANG_CXX_LIBRARY = "libc++";
				CLANG_ENABLE_MODULES = YES;
				CLANG_ENABLE_OBJC_ARC = YES;
				CLANG_WARN_BOOL_CONVERSION = YES;
				CLANG_WARN_CONSTANT_CONVERSION = YES;
				CLANG_WARN_DIRECT_OBJC_ISA_USAGE = YES_ERROR;
				CLANG_WARN_EMPTY_BODY = YES;
				CLANG_WARN_ENUM_CONVERSION = YES;
				CLANG_WARN_INT_CONVERSION = YES;
				CLANG_WARN_OBJC_ROOT_CLASS = YES_ERROR;
				CLANG_WARN_UNREACHABLE_CODE = YES;
				CLANG_WARN__DUPLICATE_METHOD_MATCH = YES;
				"CODE_SIGN_IDENTITY[sdk=iphoneos*]" = "iPhone Developer";
				COPY_PHASE_STRIP = NO;
				DEBUG_INFORMATION_FORMAT = "dwarf-with-dsym";
				ENABLE_NS_ASSERTIONS = NO;
				ENABLE_STRICT_OBJC_MSGSEND = YES;
				GCC_C_LANGUAGE_STANDARD = gnu99;
				GCC_NO_COMMON_BLOCKS = YES;
				GCC_WARN_64_TO_32_BIT_CONVERSION = YES;
				GCC_WARN_ABOUT_RETURN_TYPE = YES_ERROR;
				GCC_WARN_UNDECLARED_SELECTOR = YES;
				GCC_WARN_UNINITIALIZED_AUTOS = YES_AGGRESSIVE;
				GCC_WARN_UNUSED_FUNCTION = YES;
				GCC_WARN_UNUSED_VARIABLE = YES;
				IPHONEOS_DEPLOYMENT_TARGET = 9.3;
				MTL_ENABLE_DEBUG_INFO = NO;
				SDKROOT = iphoneos;
				VALIDATE_PRODUCT = YES;
			};
			name = Release;
		};
		93125C5F1DB5C3BA0032EB95 /* Debug */ = {
			isa = XCBuildConfiguration;
			buildSettings = {
				ASSETCATALOG_COMPILER_APPICON_NAME = AppIcon;
				INFOPLIST_FILE = labfive/Info.plist;
				LD_RUNPATH_SEARCH_PATHS = "$(inherited) @executable_path/Frameworks";
				PRODUCT_BUNDLE_IDENTIFIER = ATLAS.labfive;
				PRODUCT_NAME = "$(TARGET_NAME)";
			};
			name = Debug;
		};
		93125C601DB5C3BA0032EB95 /* Release */ = {
			isa = XCBuildConfiguration;
			buildSettings = {
				ASSETCATALOG_COMPILER_APPICON_NAME = AppIcon;
				INFOPLIST_FILE = labfive/Info.plist;
				LD_RUNPATH_SEARCH_PATHS = "$(inherited) @executable_path/Frameworks";
				PRODUCT_BUNDLE_IDENTIFIER = ATLAS.labfive;
				PRODUCT_NAME = "$(TARGET_NAME)";
			};
			name = Release;
		};
/* End XCBuildConfiguration section */

/* Begin XCConfigurationList section */
		93125C471DB5C3BA0032EB95 /* Build configuration list for PBXProject "labfive" */ = {
			isa = XCConfigurationList;
			buildConfigurations = (
				93125C5C1DB5C3BA0032EB95 /* Debug */,
				93125C5D1DB5C3BA0032EB95 /* Release */,
			);
			defaultConfigurationIsVisible = 0;
			defaultConfigurationName = Release;
		};
		93125C5E1DB5C3BA0032EB95 /* Build configuration list for PBXNativeTarget "labfive" */ = {
			isa = XCConfigurationList;
			buildConfigurations = (
				93125C5F1DB5C3BA0032EB95 /* Debug */,
				93125C601DB5C3BA0032EB95 /* Release */,
			);
			defaultConfigurationIsVisible = 0;
			defaultConfigurationName = Release;
		};
/* End XCConfigurationList section */
	};
	rootObject = 93125C441DB5C3BA0032EB95 /* Project object */;
}
